
Microsoft Visual Studio Solution File, Format Version 12.00
# Visual Studio Version 16
VisualStudioVersion = 16.0.30611.23
MinimumVisualStudioVersion = 10.0.40219.1
Project("{FAE04EC0-301F-11D3-BF4B-00C04F79EFBC}") = "Virt_zbroja", "Virt_zbroja\Virt_zbroja.csproj", "{090F3994-389E-4DA4-BFFB-0801883C2265}"
EndProject
Global
	GlobalSection(SolutionConfigurationPlatforms) = preSolution
		Debug|Any CPU = Debug|Any CPU
		Release|Any CPU = Release|Any CPU
	EndGlobalSection
	GlobalSection(ProjectConfigurationPlatforms) = postSolution
		{090F3994-389E-4DA4-BFFB-0801883C2265}.Debug|Any CPU.ActiveCfg = Debug|Any CPU
		{090F3994-389E-4DA4-BFFB-0801883C2265}.Debug|Any CPU.Build.0 = Debug|Any CPU
		{090F3994-389E-4DA4-BFFB-0801883C2265}.Release|Any CPU.ActiveCfg = Release|Any CPU
		{090F3994-389E-4DA4-BFFB-0801883C2265}.Release|Any CPU.Build.0 = Release|Any CPU
	EndGlobalSection
	GlobalSection(SolutionProperties) = preSolution
		HideSolutionNode = FALSE
	EndGlobalSection
	GlobalSection(ExtensibilityGlobals) = postSolution
		SolutionGuid = {87E10B95-E40A-4F09-A7AC-C3CE8F58F200}
	EndGlobalSection
EndGlobal
